
Microsoft Visual Studio Solution File, Format Version 12.00
# Visual Studio 15
VisualStudioVersion = 15.0.28307.136
MinimumVisualStudioVersion = 10.0.40219.1
Project("{FAE04EC0-301F-11D3-BF4B-00C04F79EFBC}") = "Diplomado_MVC_UASD_Pelicula_LinQ_Web", "Diplomado_MVC_UASD_Pelicula_LinQ_Web\Diplomado_MVC_UASD_Pelicula_LinQ_Web.csproj", "{54591AEA-805E-483C-9B28-DA88586B2AE2}"
EndProject
Global
	GlobalSection(SolutionConfigurationPlatforms) = preSolution
		Debug|Any CPU = Debug|Any CPU
		Release|Any CPU = Release|Any CPU
	EndGlobalSection
	GlobalSection(ProjectConfigurationPlatforms) = postSolution
		{54591AEA-805E-483C-9B28-DA88586B2AE2}.Debug|Any CPU.ActiveCfg = Debug|Any CPU
		{54591AEA-805E-483C-9B28-DA88586B2AE2}.Debug|Any CPU.Build.0 = Debug|Any CPU
		{54591AEA-805E-483C-9B28-DA88586B2AE2}.Release|Any CPU.ActiveCfg = Release|Any CPU
		{54591AEA-805E-483C-9B28-DA88586B2AE2}.Release|Any CPU.Build.0 = Release|Any CPU
	EndGlobalSection
	GlobalSection(SolutionProperties) = preSolution
		HideSolutionNode = FALSE
	EndGlobalSection
	GlobalSection(ExtensibilityGlobals) = postSolution
		SolutionGuid = {8C53DC6B-36AC-4FE0-9131-2413356C6CC7}
	EndGlobalSection
EndGlobal
